
Microsoft Visual Studio Solution File, Format Version 12.00
# Visual Studio Version 17
VisualStudioVersion = 17.2.32526.322
MinimumVisualStudioVersion = 10.0.40219.1
Project("{FAE04EC0-301F-11D3-BF4B-00C04F79EFBC}") = "5-Web", "5-Web\5-Web.csproj", "{7F7FC528-768B-4E2D-8FCB-8086D22A0FBF}"
EndProject
Project("{FAE04EC0-301F-11D3-BF4B-00C04F79EFBC}") = "1-Domain", "1-Domain\1-Domain.csproj", "{D835F13E-C369-49F2-AAA8-89E011824EDC}"
EndProject
Project("{FAE04EC0-301F-11D3-BF4B-00C04F79EFBC}") = "2-Application", "2-Application\2-Application.csproj", "{90D7B670-A08E-49D9-8474-30057DE6A2A0}"
EndProject
Project("{FAE04EC0-301F-11D3-BF4B-00C04F79EFBC}") = "3-Infra.Data", "3-Infra.Data\3-Infra.Data.csproj", "{F89435F8-7F4C-4EF8-9398-80E55B3E54B6}"
EndProject
Project("{FAE04EC0-301F-11D3-BF4B-00C04F79EFBC}") = "4-Infrastructure.Ioc", "4-Infrastructure.Ioc\4-Infrastructure.Ioc.csproj", "{B8C811E2-CB15-44D1-B34D-C3BB9A52D5B3}"
EndProject
Global
	GlobalSection(SolutionConfigurationPlatforms) = preSolution
		Debug|Any CPU = Debug|Any CPU
		Release|Any CPU = Release|Any CPU
	EndGlobalSection
	GlobalSection(ProjectConfigurationPlatforms) = postSolution
		{7F7FC528-768B-4E2D-8FCB-8086D22A0FBF}.Debug|Any CPU.ActiveCfg = Debug|Any CPU
		{7F7FC528-768B-4E2D-8FCB-8086D22A0FBF}.Debug|Any CPU.Build.0 = Debug|Any CPU
		{7F7FC528-768B-4E2D-8FCB-8086D22A0FBF}.Release|Any CPU.ActiveCfg = Release|Any CPU
		{7F7FC528-768B-4E2D-8FCB-8086D22A0FBF}.Release|Any CPU.Build.0 = Release|Any CPU
		{D835F13E-C369-49F2-AAA8-89E011824EDC}.Debug|Any CPU.ActiveCfg = Debug|Any CPU
		{D835F13E-C369-49F2-AAA8-89E011824EDC}.Debug|Any CPU.Build.0 = Debug|Any CPU
		{D835F13E-C369-49F2-AAA8-89E011824EDC}.Release|Any CPU.ActiveCfg = Release|Any CPU
		{D835F13E-C369-49F2-AAA8-89E011824EDC}.Release|Any CPU.Build.0 = Release|Any CPU
		{90D7B670-A08E-49D9-8474-30057DE6A2A0}.Debug|Any CPU.ActiveCfg = Debug|Any CPU
		{90D7B670-A08E-49D9-8474-30057DE6A2A0}.Debug|Any CPU.Build.0 = Debug|Any CPU
		{90D7B670-A08E-49D9-8474-30057DE6A2A0}.Release|Any CPU.ActiveCfg = Release|Any CPU
		{90D7B670-A08E-49D9-8474-30057DE6A2A0}.Release|Any CPU.Build.0 = Release|Any CPU
		{F89435F8-7F4C-4EF8-9398-80E55B3E54B6}.Debug|Any CPU.ActiveCfg = Debug|Any CPU
		{F89435F8-7F4C-4EF8-9398-80E55B3E54B6}.Debug|Any CPU.Build.0 = Debug|Any CPU
		{F89435F8-7F4C-4EF8-9398-80E55B3E54B6}.Release|Any CPU.ActiveCfg = Release|Any CPU
		{F89435F8-7F4C-4EF8-9398-80E55B3E54B6}.Release|Any CPU.Build.0 = Release|Any CPU
		{B8C811E2-CB15-44D1-B34D-C3BB9A52D5B3}.Debug|Any CPU.ActiveCfg = Debug|Any CPU
		{B8C811E2-CB15-44D1-B34D-C3BB9A52D5B3}.Debug|Any CPU.Build.0 = Debug|Any CPU
		{B8C811E2-CB15-44D1-B34D-C3BB9A52D5B3}.Release|Any CPU.ActiveCfg = Release|Any CPU
		{B8C811E2-CB15-44D1-B34D-C3BB9A52D5B3}.Release|Any CPU.Build.0 = Release|Any CPU
	EndGlobalSection
	GlobalSection(SolutionProperties) = preSolution
		HideSolutionNode = FALSE
	EndGlobalSection
	GlobalSection(ExtensibilityGlobals) = postSolution
		SolutionGuid = {6A40FEF0-CA57-435C-AC32-2DB5A27EDA03}
	EndGlobalSection
EndGlobal
